
Microsoft Visual Studio Solution File, Format Version 12.00
# Visual Studio Version 17
VisualStudioVersion = 17.3.32819.101
MinimumVisualStudioVersion = 10.0.40219.1
Project("{FAE04EC0-301F-11D3-BF4B-00C04F79EFBC}") = "ZebraRFIDIoTConnector_GPIOSample", "ZebraRFIDIoTConnector_GPIOSample\ZebraRFIDIoTConnector_GPIOSample.csproj", "{A886E847-39B3-4FEE-880B-648DDC7EE691}"
EndProject
Global
	GlobalSection(SolutionConfigurationPlatforms) = preSolution
		Debug|Any CPU = Debug|Any CPU
		Release|Any CPU = Release|Any CPU
	EndGlobalSection
	GlobalSection(ProjectConfigurationPlatforms) = postSolution
		{A886E847-39B3-4FEE-880B-648DDC7EE691}.Debug|Any CPU.ActiveCfg = Debug|Any CPU
		{A886E847-39B3-4FEE-880B-648DDC7EE691}.Debug|Any CPU.Build.0 = Debug|Any CPU
		{A886E847-39B3-4FEE-880B-648DDC7EE691}.Release|Any CPU.ActiveCfg = Release|Any CPU
		{A886E847-39B3-4FEE-880B-648DDC7EE691}.Release|Any CPU.Build.0 = Release|Any CPU
	EndGlobalSection
	GlobalSection(SolutionProperties) = preSolution
		HideSolutionNode = FALSE
	EndGlobalSection
	GlobalSection(ExtensibilityGlobals) = postSolution
		SolutionGuid = {C41FE61B-3C25-4612-8E84-1AFF08ACFB3F}
	EndGlobalSection
EndGlobal
